// !$*UTF8*$!
{
	archiveVersion = 1;
	classes = {
	};
	objectVersion = 50;
	objects = {

/* Begin PBXBuildFile section */
		5B55ABF82161D81E003E2C99 /* AppDelegate.swift in Sources */ = {isa = PBXBuildFile; fileRef = 5B55ABF72161D81E003E2C99 /* AppDelegate.swift */; };
		5B55ABFA2161D81E003E2C99 /* ViewController.swift in Sources */ = {isa = PBXBuildFile; fileRef = 5B55ABF92161D81E003E2C99 /* ViewController.swift */; };
		5B55ABFD2161D81E003E2C99 /* Main.storyboard in Resources */ = {isa = PBXBuildFile; fileRef = 5B55ABFB2161D81E003E2C99 /* Main.storyboard */; };
		5B55ABFF2161D820003E2C99 /* Assets.xcassets in Resources */ = {isa = PBXBuildFile; fileRef = 5B55ABFE2161D820003E2C99 /* Assets.xcassets */; };
		5B55AC022161D820003E2C99 /* LaunchScreen.storyboard in Resources */ = {isa = PBXBuildFile; fileRef = 5B55AC002161D820003E2C99 /* LaunchScreen.storyboard */; };
		5B55AC0D2161D820003E2C99 /* HelloWorldTests.swift in Sources */ = {isa = PBXBuildFile; fileRef = 5B55AC0C2161D820003E2C99 /* HelloWorldTests.swift */; };
		5B55AC182161D820003E2C99 /* HelloWorldUITests.swift in Sources */ = {isa = PBXBuildFile; fileRef = 5B55AC172161D820003E2C99 /* HelloWorldUITests.swift */; };
/* End PBXBuildFile section */

/* Begin PBXContainerItemProxy section */
		5B55AC092161D820003E2C99 /* PBXContainerItemProxy */ = {
			isa = PBXContainerItemProxy;
			containerPortal = 5B55ABEC2161D81E003E2C99 /* Project object */;
			proxyType = 1;
			remoteGlobalIDString = 5B55ABF32161D81E003E2C99;
			remoteInfo = HelloWorld;
		};
		5B55AC142161D820003E2C99 /* PBXContainerItemProxy */ = {
			isa = PBXContainerItemProxy;
			containerPortal = 5B55ABEC2161D81E003E2C99 /* Project object */;
			proxyType = 1;
			remoteGlobalIDString = 5B55ABF32161D81E003E2C99;
			remoteInfo = HelloWorld;
		};
/* End PBXContainerItemProxy section */

/* Begin PBXFileReference section */
		5B55ABF42161D81E003E2C99 /* HelloWorld.app */ = {isa = PBXFileReference; explicitFileType = wrapper.application; includeInIndex = 0; path = HelloWorld.app; sourceTree = BUILT_PRODUCTS_DIR; };
		5B55ABF72161D81E003E2C99 /* AppDelegate.swift */ = {isa = PBXFileReference; lastKnownFileType = sourcecode.swift; path = AppDelegate.swift; sourceTree = "<group>"; };
		5B55ABF92161D81E003E2C99 /* ViewController.swift */ = {isa = PBXFileReference; lastKnownFileType = sourcecode.swift; path = ViewController.swift; sourceTree = "<group>"; };
		5B55ABFC2161D81E003E2C99 /* Base */ = {isa = PBXFileReference; lastKnownFileType = file.storyboard; name = Base; path = Base.lproj/Main.storyboard; sourceTree = "<group>"; };
		5B55ABFE2161D820003E2C99 /* Assets.xcassets */ = {isa = PBXFileReference; lastKnownFileType = folder.assetcatalog; path = Assets.xcassets; sourceTree = "<group>"; };
		5B55AC012161D820003E2C99 /* Base */ = {isa = PBXFileReference; lastKnownFileType = file.storyboard; name = Base; path = Base.lproj/LaunchScreen.storyboard; sourceTree = "<group>"; };
		5B55AC032161D820003E2C99 /* Info.plist */ = {isa = PBXFileReference; lastKnownFileType = text.plist.xml; path = Info.plist; sourceTree = "<group>"; };
		5B55AC082161D820003E2C99 /* HelloWorldTests.xctest */ = {isa = PBXFileReference; explicitFileType = wrapper.cfbundle; includeInIndex = 0; path = HelloWorldTests.xctest; sourceTree = BUILT_PRODUCTS_DIR; };
		5B55AC0C2161D820003E2C99 /* HelloWorldTests.swift */ = {isa = PBXFileReference; lastKnownFileType = sourcecode.swift; path = HelloWorldTests.swift; sourceTree = "<group>"; };
		5B55AC0E2161D820003E2C99 /* Info.plist */ = {isa = PBXFileReference; lastKnownFileType = text.plist.xml; path = Info.plist; sourceTree = "<group>"; };
		5B55AC132161D820003E2C99 /* HelloWorldUITests.xctest */ = {isa = PBXFileReference; explicitFileType = wrapper.cfbundle; includeInIndex = 0; path = HelloWorldUITests.xctest; sourceTree = BUILT_PRODUCTS_DIR; };
		5B55AC172161D820003E2C99 /* HelloWorldUITests.swift */ = {isa = PBXFileReference; lastKnownFileType = sourcecode.swift; path = HelloWorldUITests.swift; sourceTree = "<group>"; };
		5B55AC192161D820003E2C99 /* Info.plist */ = {isa = PBXFileReference; lastKnownFileType = text.plist.xml; path = Info.plist; sourceTree = "<group>"; };
/* End PBXFileReference section */

/* Begin PBXFrameworksBuildPhase section */
		5B55ABF12161D81E003E2C99 /* Frameworks */ = {
			isa = PBXFrameworksBuildPhase;
			buildActionMask = 2147483647;
			files = (
			);
			runOnlyForDeploymentPostprocessing = 0;
		};
		5B55AC052161D820003E2C99 /* Frameworks */ = {
			isa = PBXFrameworksBuildPhase;
			buildActionMask = 2147483647;
			files = (
			);
			runOnlyForDeploymentPostprocessing = 0;
		};
		5B55AC102161D820003E2C99 /* Frameworks */ = {
			isa = PBXFrameworksBuildPhase;
			buildActionMask = 2147483647;
			files = (
			);
			runOnlyForDeploymentPostprocessing = 0;
		};
/* End PBXFrameworksBuildPhase section */

/* Begin PBXGroup section */
		5B55ABEB2161D81E003E2C99 = {
			isa = PBXGroup;
			children = (
				5B55ABF62161D81E003E2C99 /* HelloWorld */,
				5B55AC0B2161D820003E2C99 /* HelloWorldTests */,
				5B55AC162161D820003E2C99 /* HelloWorldUITests */,
				5B55ABF52161D81E003E2C99 /* Products */,
			);
			sourceTree = "<group>";
		};
		5B55ABF52161D81E003E2C99 /* Products */ = {
			isa = PBXGroup;
			children = (
				5B55ABF42161D81E003E2C99 /* HelloWorld.app */,
				5B55AC082161D820003E2C99 /* HelloWorldTests.xctest */,
				5B55AC132161D820003E2C99 /* HelloWorldUITests.xctest */,
			);
			name = Products;
			sourceTree = "<group>";
		};
		5B55ABF62161D81E003E2C99 /* HelloWorld */ = {
			isa = PBXGroup;
			children = (
				5B55ABF72161D81E003E2C99 /* AppDelegate.swift */,
				5B55ABF92161D81E003E2C99 /* ViewController.swift */,
				5B55ABFB2161D81E003E2C99 /* Main.storyboard */,
				5B55ABFE2161D820003E2C99 /* Assets.xcassets */,
				5B55AC002161D820003E2C99 /* LaunchScreen.storyboard */,
				5B55AC032161D820003E2C99 /* Info.plist */,
			);
			path = HelloWorld;
			sourceTree = "<group>";
		};
		5B55AC0B2161D820003E2C99 /* HelloWorldTests */ = {
			isa = PBXGroup;
			children = (
				5B55AC0C2161D820003E2C99 /* HelloWorldTests.swift */,
				5B55AC0E2161D820003E2C99 /* Info.plist */,
			);
			path = HelloWorldTests;
			sourceTree = "<group>";
		};
		5B55AC162161D820003E2C99 /* HelloWorldUITests */ = {
			isa = PBXGroup;
			children = (
				5B55AC172161D820003E2C99 /* HelloWorldUITests.swift */,
				5B55AC192161D820003E2C99 /* Info.plist */,
			);
			path = HelloWorldUITests;
			sourceTree = "<group>";
		};
/* End PBXGroup section */

/* Begin PBXNativeTarget section */
		5B55ABF32161D81E003E2C99 /* HelloWorld */ = {
			isa = PBXNativeTarget;
			buildConfigurationList = 5B55AC1C2161D820003E2C99 /* Build configuration list for PBXNativeTarget "HelloWorld" */;
			buildPhases = (
				5B55ABF02161D81E003E2C99 /* Sources */,
				5B55ABF12161D81E003E2C99 /* Frameworks */,
				5B55ABF22161D81E003E2C99 /* Resources */,
			);
			buildRules = (
			);
			dependencies = (
			);
			name = HelloWorld;
			productName = HelloWorld;
			productReference = 5B55ABF42161D81E003E2C99 /* HelloWorld.app */;
			productType = "com.apple.product-type.application";
		};
		5B55AC072161D820003E2C99 /* HelloWorldTests */ = {
			isa = PBXNativeTarget;
			buildConfigurationList = 5B55AC1F2161D820003E2C99 /* Build configuration list for PBXNativeTarget "HelloWorldTests" */;
			buildPhases = (
				5B55AC042161D820003E2C99 /* Sources */,
				5B55AC052161D820003E2C99 /* Frameworks */,
				5B55AC062161D820003E2C99 /* Resources */,
			);
			buildRules = (
			);
			dependencies = (
				5B55AC0A2161D820003E2C99 /* PBXTargetDependency */,
			);
			name = HelloWorldTests;
			productName = HelloWorldTests;
			productReference = 5B55AC082161D820003E2C99 /* HelloWorldTests.xctest */;
			productType = "com.apple.product-type.bundle.unit-test";
		};
		5B55AC122161D820003E2C99 /* HelloWorldUITests */ = {
			isa = PBXNativeTarget;
			buildConfigurationList = 5B55AC222161D820003E2C99 /* Build configuration list for PBXNativeTarget "HelloWorldUITests" */;
			buildPhases = (
				5B55AC0F2161D820003E2C99 /* Sources */,
				5B55AC102161D820003E2C99 /* Frameworks */,
				5B55AC112161D820003E2C99 /* Resources */,
			);
			buildRules = (
			);
			dependencies = (
				5B55AC152161D820003E2C99 /* PBXTargetDependency */,
			);
			name = HelloWorldUITests;
			productName = HelloWorldUITests;
			productReference = 5B55AC132161D820003E2C99 /* HelloWorldUITests.xctest */;
			productType = "com.apple.product-type.bundle.ui-testing";
		};
/* End PBXNativeTarget section */

/* Begin PBXProject section */
		5B55ABEC2161D81E003E2C99 /* Project object */ = {
			isa = PBXProject;
			attributes = {
				LastSwiftUpdateCheck = 1000;
				LastUpgradeCheck = 1000;
				ORGANIZATIONNAME = "Van Hieu";
				TargetAttributes = {
					5B55ABF32161D81E003E2C99 = {
						CreatedOnToolsVersion = 10.0;
					};
					5B55AC072161D820003E2C99 = {
						CreatedOnToolsVersion = 10.0;
						TestTargetID = 5B55ABF32161D81E003E2C99;
					};
					5B55AC122161D820003E2C99 = {
						CreatedOnToolsVersion = 10.0;
						TestTargetID = 5B55ABF32161D81E003E2C99;
					};
				};
			};
			buildConfigurationList = 5B55ABEF2161D81E003E2C99 /* Build configuration list for PBXProject "HelloWorld" */;
			compatibilityVersion = "Xcode 9.3";
			developmentRegion = en;
			hasScannedForEncodings = 0;
			knownRegions = (
				en,
				Base,
			);
			mainGroup = 5B55ABEB2161D81E003E2C99;
			productRefGroup = 5B55ABF52161D81E003E2C99 /* Products */;
			projectDirPath = "";
			projectRoot = "";
			targets = (
				5B55ABF32161D81E003E2C99 /* HelloWorld */,
				5B55AC072161D820003E2C99 /* HelloWorldTests */,
				5B55AC122161D820003E2C99 /* HelloWorldUITests */,
			);
		};
/* End PBXProject section */

/* Begin PBXResourcesBuildPhase section */
		5B55ABF22161D81E003E2C99 /* Resources */ = {
			isa = PBXResourcesBuildPhase;
			buildActionMask = 2147483647;
			files = (
				5B55AC022161D820003E2C99 /* LaunchScreen.storyboard in Resources */,
				5B55ABFF2161D820003E2C99 /* Assets.xcassets in Resources */,
				5B55ABFD2161D81E003E2C99 /* Main.storyboard in Resources */,
			);
			runOnlyForDeploymentPostprocessing = 0;
		};
		5B55AC062161D820003E2C99 /* Resources */ = {
			isa = PBXResourcesBuildPhase;
			buildActionMask = 2147483647;
			files = (
			);
			runOnlyForDeploymentPostprocessing = 0;
		};
		5B55AC112161D820003E2C99 /* Resources */ = {
			isa = PBXResourcesBuildPhase;
			buildActionMask = 2147483647;
			files = (
			);
			runOnlyForDeploymentPostprocessing = 0;
		};
/* End PBXResourcesBuildPhase section */

/* Begin PBXSourcesBuildPhase section */
		5B55ABF02161D81E003E2C99 /* Sources */ = {
			isa = PBXSourcesBuildPhase;
			buildActionMask = 2147483647;
			files = (
				5B55ABFA2161D81E003E2C99 /* ViewController.swift in Sources */,
				5B55ABF82161D81E003E2C99 /* AppDelegate.swift in Sources */,
			);
			runOnlyForDeploymentPostprocessing = 0;
		};
		5B55AC042161D820003E2C99 /* Sources */ = {
			isa = PBXSourcesBuildPhase;
			buildActionMask = 2147483647;
			files = (
				5B55AC0D2161D820003E2C99 /* HelloWorldTests.swift in Sources */,
			);
			runOnlyForDeploymentPostprocessing = 0;
		};
		5B55AC0F2161D820003E2C99 /* Sources */ = {
			isa = PBXSourcesBuildPhase;
			buildActionMask = 2147483647;
			files = (
				5B55AC182161D820003E2C99 /* HelloWorldUITests.swift in Sources */,
			);
			runOnlyForDeploymentPostprocessing = 0;
		};
/* End PBXSourcesBuildPhase section */

/* Begin PBXTargetDependency section */
		5B55AC0A2161D820003E2C99 /* PBXTargetDependency */ = {
			isa = PBXTargetDependency;
			target = 5B55ABF32161D81E003E2C99 /* HelloWorld */;
			targetProxy = 5B55AC092161D820003E2C99 /* PBXContainerItemProxy */;
		};
		5B55AC152161D820003E2C99 /* PBXTargetDependency */ = {
			isa = PBXTargetDependency;
			target = 5B55ABF32161D81E003E2C99 /* HelloWorld */;
			targetProxy = 5B55AC142161D820003E2C99 /* PBXContainerItemProxy */;
		};
/* End PBXTargetDependency section */

/* Begin PBXVariantGroup section */
		5B55ABFB2161D81E003E2C99 /* Main.storyboard */ = {
			isa = PBXVariantGroup;
			children = (
				5B55ABFC2161D81E003E2C99 /* Base */,
			);
			name = Main.storyboard;
			sourceTree = "<group>";
		};
		5B55AC002161D820003E2C99 /* LaunchScreen.storyboard */ = {
			isa = PBXVariantGroup;
			children = (
				5B55AC012161D820003E2C99 /* Base */,
			);
			name = LaunchScreen.storyboard;
			sourceTree = "<group>";
		};
/* End PBXVariantGroup section */

/* Begin XCBuildConfiguration section */
		5B55AC1A2161D820003E2C99 /* Debug */ = {
			isa = XCBuildConfiguration;
			buildSettings = {
				ALWAYS_SEARCH_USER_PATHS = NO;
				CLANG_ANALYZER_NONNULL = YES;
				CLANG_ANALYZER_NUMBER_OBJECT_CONVERSION = YES_AGGRESSIVE;
				CLANG_CXX_LANGUAGE_STANDARD = "gnu++14";
				CLANG_CXX_LIBRARY = "libc++";
				CLANG_ENABLE_MODULES = YES;
				CLANG_ENABLE_OBJC_ARC = YES;
				CLANG_ENABLE_OBJC_WEAK = YES;
				CLANG_WARN_BLOCK_CAPTURE_AUTORELEASING = YES;
				CLANG_WARN_BOOL_CONVERSION = YES;
				CLANG_WARN_COMMA = YES;
				CLANG_WARN_CONSTANT_CONVERSION = YES;
				CLANG_WARN_DEPRECATED_OBJC_IMPLEMENTATIONS = YES;
				CLANG_WARN_DIRECT_OBJC_ISA_USAGE = YES_ERROR;
				CLANG_WARN_DOCUMENTATION_COMMENTS = YES;
				CLANG_WARN_EMPTY_BODY = YES;
				CLANG_WARN_ENUM_CONVERSION = YES;
				CLANG_WARN_INFINITE_RECURSION = YES;
				CLANG_WARN_INT_CONVERSION = YES;
				CLANG_WARN_NON_LITERAL_NULL_CONVERSION = YES;
				CLANG_WARN_OBJC_IMPLICIT_RETAIN_SELF = YES;
				CLANG_WARN_OBJC_LITERAL_CONVERSION = YES;
				CLANG_WARN_OBJC_ROOT_CLASS = YES_ERROR;
				CLANG_WARN_RANGE_LOOP_ANALYSIS = YES;
				CLANG_WARN_STRICT_PROTOTYPES = YES;
				CLANG_WARN_SUSPICIOUS_MOVE = YES;
				CLANG_WARN_UNGUARDED_AVAILABILITY = YES_AGGRESSIVE;
				CLANG_WARN_UNREACHABLE_CODE = YES;
				CLANG_WARN__DUPLICATE_METHOD_MATCH = YES;
				CODE_SIGN_IDENTITY = "iPhone Developer";
				COPY_PHASE_STRIP = NO;
				DEBUG_INFORMATION_FORMAT = dwarf;
				ENABLE_STRICT_OBJC_MSGSEND = YES;
				ENABLE_TESTABILITY = YES;
				GCC_C_LANGUAGE_STANDARD = gnu11;
				GCC_DYNAMIC_NO_PIC = NO;
				GCC_NO_COMMON_BLOCKS = YES;
				GCC_OPTIMIZATION_LEVEL = 0;
				GCC_PREPROCESSOR_DEFINITIONS = (
					"DEBUG=1",
					"$(inherited)",
				);
				GCC_WARN_64_TO_32_BIT_CONVERSION = YES;
				GCC_WARN_ABOUT_RETURN_TYPE = YES_ERROR;
				GCC_WARN_UNDECLARED_SELECTOR = YES;
				GCC_WARN_UNINITIALIZED_AUTOS = YES_AGGRESSIVE;
				GCC_WARN_UNUSED_FUNCTION = YES;
				GCC_WARN_UNUSED_VARIABLE = YES;
				IPHONEOS_DEPLOYMENT_TARGET = 12.0;
				MTL_ENABLE_DEBUG_INFO = INCLUDE_SOURCE;
				MTL_FAST_MATH = YES;
				ONLY_ACTIVE_ARCH = YES;
				SDKROOT = iphoneos;
				SWIFT_ACTIVE_COMPILATION_CONDITIONS = DEBUG;
				SWIFT_OPTIMIZATION_LEVEL = "-Onone";
			};
			name = Debug;
		};
		5B55AC1B2161D820003E2C99 /* Release */ = {
			isa = XCBuildConfiguration;
			buildSettings = {
				ALWAYS_SEARCH_USER_PATHS = NO;
				CLANG_ANALYZER_NONNULL = YES;
				CLANG_ANALYZER_NUMBER_OBJECT_CONVERSION = YES_AGGRESSIVE;
				CLANG_CXX_LANGUAGE_STANDARD = "gnu++14";
				CLANG_CXX_LIBRARY = "libc++";
				CLANG_ENABLE_MODULES = YES;
				CLANG_ENABLE_OBJC_ARC = YES;
				CLANG_ENABLE_OBJC_WEAK = YES;
				CLANG_WARN_BLOCK_CAPTURE_AUTORELEASING = YES;
				CLANG_WARN_BOOL_CONVERSION = YES;
				CLANG_WARN_COMMA = YES;
				CLANG_WARN_CONSTANT_CONVERSION = YES;
				CLANG_WARN_DEPRECATED_OBJC_IMPLEMENTATIONS = YES;
				CLANG_WARN_DIRECT_OBJC_ISA_USAGE = YES_ERROR;
				CLANG_WARN_DOCUMENTATION_COMMENTS = YES;
				CLANG_WARN_EMPTY_BODY = YES;
				CLANG_WARN_ENUM_CONVERSION = YES;
				CLANG_WARN_INFINITE_RECURSION = YES;
				CLANG_WARN_INT_CONVERSION = YES;
				CLANG_WARN_NON_LITERAL_NULL_CONVERSION = YES;
				CLANG_WARN_OBJC_IMPLICIT_RETAIN_SELF = YES;
				CLANG_WARN_OBJC_LITERAL_CONVERSION = YES;
				CLANG_WARN_OBJC_ROOT_CLASS = YES_ERROR;
				CLANG_WARN_RANGE_LOOP_ANALYSIS = YES;
				CLANG_WARN_STRICT_PROTOTYPES = YES;
				CLANG_WARN_SUSPICIOUS_MOVE = YES;
				CLANG_WARN_UNGUARDED_AVAILABILITY = YES_AGGRESSIVE;
				CLANG_WARN_UNREACHABLE_CODE = YES;
				CLANG_WARN__DUPLICATE_METHOD_MATCH = YES;
				CODE_SIGN_IDENTITY = "iPhone Developer";
				COPY_PHASE_STRIP = NO;
				DEBUG_INFORMATION_FORMAT = "dwarf-with-dsym";
				ENABLE_NS_ASSERTIONS = NO;
				ENABLE_STRICT_OBJC_MSGSEND = YES;
				GCC_C_LANGUAGE_STANDARD = gnu11;
				GCC_NO_COMMON_BLOCKS = YES;
				GCC_WARN_64_TO_32_BIT_CONVERSION = YES;
				GCC_WARN_ABOUT_RETURN_TYPE = YES_ERROR;
				GCC_WARN_UNDECLARED_SELECTOR = YES;
				GCC_WARN_UNINITIALIZED_AUTOS = YES_AGGRESSIVE;
				GCC_WARN_UNUSED_FUNCTION = YES;
				GCC_WARN_UNUSED_VARIABLE = YES;
				IPHONEOS_DEPLOYMENT_TARGET = 12.0;
				MTL_ENABLE_DEBUG_INFO = NO;
				MTL_FAST_MATH = YES;
				SDKROOT = iphoneos;
				SWIFT_COMPILATION_MODE = wholemodule;
				SWIFT_OPTIMIZATION_LEVEL = "-O";
				VALIDATE_PRODUCT = YES;
			};
			name = Release;
		};
		5B55AC1D2161D820003E2C99 /* Debug */ = {
			isa = XCBuildConfiguration;
			buildSettings = {
				ASSETCATALOG_COMPILER_APPICON_NAME = AppIcon;
				CODE_SIGN_STYLE = Automatic;
				DEVELOPMENT_TEAM = 4LX7978CF8;
				INFOPLIST_FILE = HelloWorld/Info.plist;
				LD_RUNPATH_SEARCH_PATHS = (
					"$(inherited)",
					"@executable_path/Frameworks",
				);
				PRODUCT_BUNDLE_IDENTIFIER = "Van-Hieu.HelloWorld";
				PRODUCT_NAME = "$(TARGET_NAME)";
				SWIFT_VERSION = 4.2;
				TARGETED_DEVICE_FAMILY = "1,2";
			};
			name = Debug;
		};
		5B55AC1E2161D820003E2C99 /* Release */ = {
			isa = XCBuildConfiguration;
			buildSettings = {
				ASSETCATALOG_COMPILER_APPICON_NAME = AppIcon;
				CODE_SIGN_STYLE = Automatic;
				DEVELOPMENT_TEAM = 4LX7978CF8;
				INFOPLIST_FILE = HelloWorld/Info.plist;
				LD_RUNPATH_SEARCH_PATHS = (
					"$(inherited)",
					"@executable_path/Frameworks",
				);
				PRODUCT_BUNDLE_IDENTIFIER = "Van-Hieu.HelloWorld";
				PRODUCT_NAME = "$(TARGET_NAME)";
				SWIFT_VERSION = 4.2;
				TARGETED_DEVICE_FAMILY = "1,2";
			};
			name = Release;
		};
		5B55AC202161D820003E2C99 /* Debug */ = {
			isa = XCBuildConfiguration;
			buildSettings = {
				ALWAYS_EMBED_SWIFT_STANDARD_LIBRARIES = YES;
				BUNDLE_LOADER = "$(TEST_HOST)";
				CODE_SIGN_STYLE = Automatic;
				INFOPLIST_FILE = HelloWorldTests/Info.plist;
				LD_RUNPATH_SEARCH_PATHS = (
					"$(inherited)",
					"@executable_path/Frameworks",
					"@loader_path/Frameworks",
				);
				PRODUCT_BUNDLE_IDENTIFIER = "Van-Hieu.HelloWorldTests";
				PRODUCT_NAME = "$(TARGET_NAME)";
				SWIFT_VERSION = 4.2;
				TARGETED_DEVICE_FAMILY = "1,2";
				TEST_HOST = "$(BUILT_PRODUCTS_DIR)/HelloWorld.app/HelloWorld";
			};
			name = Debug;
		};
		5B55AC212161D820003E2C99 /* Release */ = {
			isa = XCBuildConfiguration;
			buildSettings = {
				ALWAYS_EMBED_SWIFT_STANDARD_LIBRARIES = YES;
				BUNDLE_LOADER = "$(TEST_HOST)";
				CODE_SIGN_STYLE = Automatic;
				INFOPLIST_FILE = HelloWorldTests/Info.plist;
				LD_RUNPATH_SEARCH_PATHS = (
					"$(inherited)",
					"@executable_path/Frameworks",
					"@loader_path/Frameworks",
				);
				PRODUCT_BUNDLE_IDENTIFIER = "Van-Hieu.HelloWorldTests";
				PRODUCT_NAME = "$(TARGET_NAME)";
				SWIFT_VERSION = 4.2;
				TARGETED_DEVICE_FAMILY = "1,2";
				TEST_HOST = "$(BUILT_PRODUCTS_DIR)/HelloWorld.app/HelloWorld";
			};
			name = Release;
		};
		5B55AC232161D820003E2C99 /* Debug */ = {
			isa = XCBuildConfiguration;
			buildSettings = {
				ALWAYS_EMBED_SWIFT_STANDARD_LIBRARIES = YES;
				CODE_SIGN_STYLE = Automatic;
				INFOPLIST_FILE = HelloWorldUITests/Info.plist;
				LD_RUNPATH_SEARCH_PATHS = (
					"$(inherited)",
					"@executable_path/Frameworks",
					"@loader_path/Frameworks",
				);
				PRODUCT_BUNDLE_IDENTIFIER = "Van-Hieu.HelloWorldUITests";
				PRODUCT_NAME = "$(TARGET_NAME)";
				SWIFT_VERSION = 4.2;
				TARGETED_DEVICE_FAMILY = "1,2";
				TEST_TARGET_NAME = HelloWorld;
			};
			name = Debug;
		};
		5B55AC242161D820003E2C99 /* Release */ = {
			isa = XCBuildConfiguration;
			buildSettings = {
				ALWAYS_EMBED_SWIFT_STANDARD_LIBRARIES = YES;
				CODE_SIGN_STYLE = Automatic;
				INFOPLIST_FILE = HelloWorldUITests/Info.plist;
				LD_RUNPATH_SEARCH_PATHS = (
					"$(inherited)",
					"@executable_path/Frameworks",
					"@loader_path/Frameworks",
				);
				PRODUCT_BUNDLE_IDENTIFIER = "Van-Hieu.HelloWorldUITests";
				PRODUCT_NAME = "$(TARGET_NAME)";
				SWIFT_VERSION = 4.2;
				TARGETED_DEVICE_FAMILY = "1,2";
				TEST_TARGET_NAME = HelloWorld;
			};
			name = Release;
		};
/* End XCBuildConfiguration section */

/* Begin XCConfigurationList section */
		5B55ABEF2161D81E003E2C99 /* Build configuration list for PBXProject "HelloWorld" */ = {
			isa = XCConfigurationList;
			buildConfigurations = (
				5B55AC1A2161D820003E2C99 /* Debug */,
				5B55AC1B2161D820003E2C99 /* Release */,
			);
			defaultConfigurationIsVisible = 0;
			defaultConfigurationName = Release;
		};
		5B55AC1C2161D820003E2C99 /* Build configuration list for PBXNativeTarget "HelloWorld" */ = {
			isa = XCConfigurationList;
			buildConfigurations = (
				5B55AC1D2161D820003E2C99 /* Debug */,
				5B55AC1E2161D820003E2C99 /* Release */,
			);
			defaultConfigurationIsVisible = 0;
			defaultConfigurationName = Release;
		};
		5B55AC1F2161D820003E2C99 /* Build configuration list for PBXNativeTarget "HelloWorldTests" */ = {
			isa = XCConfigurationList;
			buildConfigurations = (
				5B55AC202161D820003E2C99 /* Debug */,
				5B55AC212161D820003E2C99 /* Release */,
			);
			defaultConfigurationIsVisible = 0;
			defaultConfigurationName = Release;
		};
		5B55AC222161D820003E2C99 /* Build configuration list for PBXNativeTarget "HelloWorldUITests" */ = {
			isa = XCConfigurationList;
			buildConfigurations = (
				5B55AC232161D820003E2C99 /* Debug */,
				5B55AC242161D820003E2C99 /* Release */,
			);
			defaultConfigurationIsVisible = 0;
			defaultConfigurationName = Release;
		};
/* End XCConfigurationList section */
	};
	rootObject = 5B55ABEC2161D81E003E2C99 /* Project object */;
}
